{
    "requires": true,
    "lockfileVersion": 1,
    "dependencies": {
        "laravel-echo": {
            "version": "1.11.7",
            "resolved": "https://registry.npmjs.org/laravel-echo/-/laravel-echo-1.11.7.tgz",
            "integrity": "sha512-LhEZp/RbdtdMlhptJyn452+aXfz+A1UW2bhJM7NROgXhnNgj+6P9BkG9JcPCBMernp5TGkOGI6A0NPbkAWYWGg=="
        },
        "pusher-js": {
            "version": "7.1.1-beta",
            "resolved": "https://registry.npmjs.org/pusher-js/-/pusher-js-7.1.1-beta.tgz",
            "integrity": "sha512-4aGhQFMOfHDmlc8hOS/wYf2f7wcKGJeUGUmLq5hDjRWlwYWBErPrGoTE5OdHJY9yRIsfwcBQzibvdyEXZ5ke6g==",
            "requires": {
                "tweetnacl": "^1.0.3"
            }
        },
        "sweetalert2": {
            "version": "11.4.17",
            "resolved": "https://registry.npmjs.org/sweetalert2/-/sweetalert2-11.4.17.tgz",
            "integrity": "sha512-z0iQW5fDdvtoDNle3iHTKunsuNWgPaMifVu0GPtdguR0uVPrvg9gg9bnSQeJ4tx3C7FwJOEnRshxrs6fFItRvw=="
        },
        "tweetnacl": {
            "version": "1.0.3",
            "resolved": "https://registry.npmjs.org/tweetnacl/-/tweetnacl-1.0.3.tgz",
            "integrity": "sha512-6rt+RN7aOi1nGMyC4Xa5DdYiukl2UWCbcJft7YhxReBGQD7OAM8Pbxw6YMo4r2diNEA8FEmu32YOn9rhaiE5yw=="
        }
    }
}
